
Microsoft Visual Studio Solution File, Format Version 12.00
# Visual Studio Version 16
VisualStudioVersion = 16.0.32802.440
MinimumVisualStudioVersion = 10.0.40219.1
Project("{FAE04EC0-301F-11D3-BF4B-00C04F79EFBC}") = "SIBKMNET_WebAPP", "SIBKMNET_WebAPP\SIBKMNET_WebAPP.csproj", "{38E1BCC1-6FE3-4BD6-A36F-EB51C65716F0}"
EndProject
Global
	GlobalSection(SolutionConfigurationPlatforms) = preSolution
		Debug|Any CPU = Debug|Any CPU
		Release|Any CPU = Release|Any CPU
	EndGlobalSection
	GlobalSection(ProjectConfigurationPlatforms) = postSolution
		{38E1BCC1-6FE3-4BD6-A36F-EB51C65716F0}.Debug|Any CPU.ActiveCfg = Debug|Any CPU
		{38E1BCC1-6FE3-4BD6-A36F-EB51C65716F0}.Debug|Any CPU.Build.0 = Debug|Any CPU
		{38E1BCC1-6FE3-4BD6-A36F-EB51C65716F0}.Release|Any CPU.ActiveCfg = Release|Any CPU
		{38E1BCC1-6FE3-4BD6-A36F-EB51C65716F0}.Release|Any CPU.Build.0 = Release|Any CPU
	EndGlobalSection
	GlobalSection(SolutionProperties) = preSolution
		HideSolutionNode = FALSE
	EndGlobalSection
	GlobalSection(ExtensibilityGlobals) = postSolution
		SolutionGuid = {3038F9C8-B9BF-4235-B97A-8FCF6BE460F7}
	EndGlobalSection
EndGlobal
